
Microsoft Visual Studio Solution File, Format Version 12.00
# Visual Studio Version 17
VisualStudioVersion = 17.5.33516.290
MinimumVisualStudioVersion = 10.0.40219.1
Project("{9A19103F-16F7-4668-BE54-9A1E7A4F7556}") = "Solitaire", "Solitare\Solitaire.csproj", "{BBB534FA-0F6D-49FD-A745-34E40D0A4E8C}"
EndProject
Global
	GlobalSection(SolutionConfigurationPlatforms) = preSolution
		Debug|Any CPU = Debug|Any CPU
		Release|Any CPU = Release|Any CPU
	EndGlobalSection
	GlobalSection(ProjectConfigurationPlatforms) = postSolution
		{BBB534FA-0F6D-49FD-A745-34E40D0A4E8C}.Debug|Any CPU.ActiveCfg = Debug|Any CPU
		{BBB534FA-0F6D-49FD-A745-34E40D0A4E8C}.Debug|Any CPU.Build.0 = Debug|Any CPU
		{BBB534FA-0F6D-49FD-A745-34E40D0A4E8C}.Release|Any CPU.ActiveCfg = Release|Any CPU
		{BBB534FA-0F6D-49FD-A745-34E40D0A4E8C}.Release|Any CPU.Build.0 = Release|Any CPU
	EndGlobalSection
	GlobalSection(SolutionProperties) = preSolution
		HideSolutionNode = FALSE
	EndGlobalSection
	GlobalSection(ExtensibilityGlobals) = postSolution
		SolutionGuid = {0351BED2-B0D9-496D-959D-0EB3A21A3958}
	EndGlobalSection
EndGlobal
